
Microsoft Visual Studio Solution File, Format Version 12.00
# Visual Studio Version 16
VisualStudioVersion = 16.0.29728.190
MinimumVisualStudioVersion = 10.0.40219.1
Project("{FAE04EC0-301F-11D3-BF4B-00C04F79EFBC}") = "BlazorApp1", "BlazorApp1\BlazorApp1.csproj", "{50D38096-FC76-43F0-8987-B18F02AEA7F8}"
EndProject
Global
	GlobalSection(SolutionConfigurationPlatforms) = preSolution
		Debug|Any CPU = Debug|Any CPU
		Release|Any CPU = Release|Any CPU
	EndGlobalSection
	GlobalSection(ProjectConfigurationPlatforms) = postSolution
		{50D38096-FC76-43F0-8987-B18F02AEA7F8}.Debug|Any CPU.ActiveCfg = Debug|Any CPU
		{50D38096-FC76-43F0-8987-B18F02AEA7F8}.Debug|Any CPU.Build.0 = Debug|Any CPU
		{50D38096-FC76-43F0-8987-B18F02AEA7F8}.Release|Any CPU.ActiveCfg = Release|Any CPU
		{50D38096-FC76-43F0-8987-B18F02AEA7F8}.Release|Any CPU.Build.0 = Release|Any CPU
	EndGlobalSection
	GlobalSection(SolutionProperties) = preSolution
		HideSolutionNode = FALSE
	EndGlobalSection
	GlobalSection(ExtensibilityGlobals) = postSolution
		SolutionGuid = {630121D9-4E5D-4021-8BF9-611AB46AEFA7}
	EndGlobalSection
EndGlobal
